{
  "lockfileVersion": 1,
  "workspaces": {
    "": {},
    "packages/configs": {
      "name": "@sytizen/configs",
      "version": "0.0.0",
    },
  },
  "catalog": {
    "@biomejs/biome": "^2.3.0",
  },
  "packages": {
    "@sytizen/configs": ["@sytizen/configs@workspace:packages/configs"],
  }
}
